// !$*UTF8*$!
{
	archiveVersion = 1;
	classes = {
	};
	objectVersion = 42;
	objects = {

/* Begin PBXBuildFile section */
		263013CB0D713B7E00564E2C /* main_window_panels.c in Sources */ = {isa = PBXBuildFile; fileRef = 263013CA0D713B7E00564E2C /* main_window_panels.c */; };
		2630141E0D72844300564E2C /* walk_view_swap.c in Sources */ = {isa = PBXBuildFile; fileRef = 2630141D0D72844300564E2C /* walk_view_swap.c */; };
		263614460DC41DF6002345C0 /* walk_view_click_texture.c in Sources */ = {isa = PBXBuildFile; fileRef = 263614450DC41DF6002345C0 /* walk_view_click_texture.c */; };
		263B67380F7072EE0065AB38 /* palette_spot.c in Sources */ = {isa = PBXBuildFile; fileRef = 263B67370F7072EE0065AB38 /* palette_spot.c */; };
		263B683C0F730FA40065AB38 /* palette_area.c in Sources */ = {isa = PBXBuildFile; fileRef = 263B683B0F730FA40065AB38 /* palette_area.c */; };
		2644C95C0DF8E349005CE451 /* dialog_mesh_scale.c in Sources */ = {isa = PBXBuildFile; fileRef = 2644C95B0DF8E349005CE451 /* dialog_mesh_scale.c */; };
		2647AD820E4F48D000BA3338 /* dialog_height_import.c in Sources */ = {isa = PBXBuildFile; fileRef = 2647AD810E4F48D000BA3338 /* dialog_height_import.c */; };
		265DCEA00F6CC13100C1E65D /* palette_mesh.c in Sources */ = {isa = PBXBuildFile; fileRef = 265DCE9F0F6CC13100C1E65D /* palette_mesh.c */; };
		265DCEFB0F6D6A3E00C1E65D /* palette_polygon.c in Sources */ = {isa = PBXBuildFile; fileRef = 265DCEFA0F6D6A3E00C1E65D /* palette_polygon.c */; };
		265DCF4D0F6DBF9D00C1E65D /* palette_liquid.c in Sources */ = {isa = PBXBuildFile; fileRef = 265DCF4C0F6DBF9D00C1E65D /* palette_liquid.c */; };
		26772F810EBE8A6600F9E241 /* dialog_reposition.c in Sources */ = {isa = PBXBuildFile; fileRef = 26772F800EBE8A6600F9E241 /* dialog_reposition.c */; };
		26791D430E4D626700AAD058 /* dialog_grid_mesh.c in Sources */ = {isa = PBXBuildFile; fileRef = 26791D420E4D626700AAD058 /* dialog_grid_mesh.c */; };
		26871A3C0F11666E0043B667 /* node_defined.png in Resources */ = {isa = PBXBuildFile; fileRef = 26871A3B0F11666E0043B667 /* node_defined.png */; };
		26871A5C0F1168330043B667 /* node_defined.png in Copy (Icons) */ = {isa = PBXBuildFile; fileRef = 26871A3B0F11666E0043B667 /* node_defined.png */; };
		26899FA90F1EBF25007860EB /* editor_defs.h in Headers */ = {isa = PBXBuildFile; fileRef = 26899FA80F1EBF25007860EB /* editor_defs.h */; };
		268BC8A60F64C8E400E900C2 /* dialog_preference.c in Sources */ = {isa = PBXBuildFile; fileRef = 268BC8A50F64C8E400E900C2 /* dialog_preference.c */; };
		26934B110D876A800009F81E /* walk_view_click_drag.c in Sources */ = {isa = PBXBuildFile; fileRef = 26934B100D876A800009F81E /* walk_view_click_drag.c */; };
		26AFB4490D95E0E60004805A /* pieces_mesh.c in Sources */ = {isa = PBXBuildFile; fileRef = 26AFB4480D95E0E60004805A /* pieces_mesh.c */; };
		26AFB4D20D9615C00004805A /* maputility.h in Headers */ = {isa = PBXBuildFile; fileRef = 26AFB4D10D9615C00004805A /* maputility.h */; };
		26B8C2D70F62F2A200C6DEBD /* palettes.c in Sources */ = {isa = PBXBuildFile; fileRef = 26B8C2D60F62F2A200C6DEBD /* palettes.c */; };
		26BE521B0E5FD01A009B6925 /* dialog_save.c in Sources */ = {isa = PBXBuildFile; fileRef = 26BE521A0E5FD01A009B6925 /* dialog_save.c */; };
		26DB6D970DDFCE4100BDD008 /* dialog_resize.c in Sources */ = {isa = PBXBuildFile; fileRef = 26DB6D960DDFCE4100BDD008 /* dialog_resize.c */; };
		26EE38810EA595D5002A8365 /* dialog_map_groups.c in Sources */ = {isa = PBXBuildFile; fileRef = 26EE38800EA595D5002A8365 /* dialog_map_groups.c */; };
		26FC3AFF0ECF8F2F00DD6F37 /* dialog_optimize.c in Sources */ = {isa = PBXBuildFile; fileRef = 26FC3AFE0ECF8F2F00DD6F37 /* dialog_optimize.c */; };
		F501B2F909D5129B00742D03 /* dialog_texture_combo_utility.c in Sources */ = {isa = PBXBuildFile; fileRef = F501B2F809D5129B00742D03 /* dialog_texture_combo_utility.c */; };
		F50AF9AE088601C600F261B1 /* os_defs.h in Headers */ = {isa = PBXBuildFile; fileRef = F50AF9AD088601C600F261B1 /* os_defs.h */; };
		F50EC4D709DEED57007A0B8A /* mapimport.h in Headers */ = {isa = PBXBuildFile; fileRef = F50EC4D609DEED57007A0B8A /* mapimport.h */; };
		F50EC58B09E0B9F0007A0B8A /* import.c in Sources */ = {isa = PBXBuildFile; fileRef = F50EC58A09E0B9F0007A0B8A /* import.c */; };
		F51B05240A85391500714D26 /* dialog_special_combo_utility.c in Sources */ = {isa = PBXBuildFile; fileRef = F51B05230A85391500714D26 /* dialog_special_combo_utility.c */; };
		F51E8B6C084FE4D600C3AC6A /* dialog_file_new.c in Sources */ = {isa = PBXBuildFile; fileRef = F51E8B6B084FE4D600C3AC6A /* dialog_file_new.c */; };
		F522DCC90BBC853C00DFF256 /* Course.js in Sources */ = {isa = PBXBuildFile; fileRef = F522DCBD0BBC853C00DFF256 /* Course.js */; };
		F522DCD30BBC859300DFF256 /* Course.js in Copy (Defaults) */ = {isa = PBXBuildFile; fileRef = F522DCBD0BBC853C00DFF256 /* Course.js */; };
		F522DCD40BBC859700DFF256 /* light.png in Copy (Icons) */ = {isa = PBXBuildFile; fileRef = F522DCBF0BBC853C00DFF256 /* light.png */; };
		F522DCD50BBC859700DFF256 /* node.png in Copy (Icons) */ = {isa = PBXBuildFile; fileRef = F522DCC00BBC853C00DFF256 /* node.png */; };
		F522DCD60BBC859700DFF256 /* particle.png in Copy (Icons) */ = {isa = PBXBuildFile; fileRef = F522DCC10BBC853C00DFF256 /* particle.png */; };
		F522DCD70BBC859700DFF256 /* scenery.png in Copy (Icons) */ = {isa = PBXBuildFile; fileRef = F522DCC20BBC853C00DFF256 /* scenery.png */; };
		F522DCD80BBC859700DFF256 /* sound.png in Copy (Icons) */ = {isa = PBXBuildFile; fileRef = F522DCC30BBC853C00DFF256 /* sound.png */; };
		F522DCD90BBC859700DFF256 /* spot.png in Copy (Icons) */ = {isa = PBXBuildFile; fileRef = F522DCC40BBC853C00DFF256 /* spot.png */; };
		F5239B9E0AFD9C5200241092 /* undo.c in Sources */ = {isa = PBXBuildFile; fileRef = F5239B9D0AFD9C5200241092 /* undo.c */; };
		F52F19B80946A63100FEFE18 /* selection.c in Sources */ = {isa = PBXBuildFile; fileRef = F52F19B70946A63100FEFE18 /* selection.c */; };
		F52F19D50946A89C00FEFE18 /* common_view.h in Headers */ = {isa = PBXBuildFile; fileRef = F52F19D40946A89C00FEFE18 /* common_view.h */; };
		F54581BB094F75D200CBE89A /* interface.h in Headers */ = {isa = PBXBuildFile; fileRef = F54581BA094F75D200CBE89A /* interface.h */; };
		F54583E4094F868300CBE89A /* pieces_create.c in Sources */ = {isa = PBXBuildFile; fileRef = F54583E3094F868300CBE89A /* pieces_create.c */; };
		F545877D0952652700CBE89A /* walk_view_compass.c in Sources */ = {isa = PBXBuildFile; fileRef = F545877C0952652700CBE89A /* walk_view_compass.c */; };
		F545877F0952654600CBE89A /* walk_view.h in Headers */ = {isa = PBXBuildFile; fileRef = F545877E0952654600CBE89A /* walk_view.h */; };
		F5595F7E0918717300B60FAD /* groups.c in Sources */ = {isa = PBXBuildFile; fileRef = F5595F7D0918717300B60FAD /* groups.c */; };
		F564253E098BD9E90008DECC /* dim3 Editor.rsrc in Rez */ = {isa = PBXBuildFile; fileRef = F577353100F0085D01000001 /* dim3 Editor.rsrc */; };
		F5691685084E6B9000ADFA44 /* dialog_file_open.c in Sources */ = {isa = PBXBuildFile; fileRef = F5691684084E6B9000ADFA44 /* dialog_file_open.c */; };
		F56EF37C09A69A3400F06521 /* dialog_map_settings.c in Sources */ = {isa = PBXBuildFile; fileRef = F56EF37B09A69A3400F06521 /* dialog_map_settings.c */; };
		F56EF3F709A6F70700F06521 /* dialog_map_light_settings.c in Sources */ = {isa = PBXBuildFile; fileRef = F56EF3F609A6F70700F06521 /* dialog_map_light_settings.c */; };
		F56EF44209A6FC7F00F06521 /* dialog_map_sound_settings.c in Sources */ = {isa = PBXBuildFile; fileRef = F56EF44109A6FC7F00F06521 /* dialog_map_sound_settings.c */; };
		F56EF4C209A7D4A400F06521 /* dialog_group_settings.c in Sources */ = {isa = PBXBuildFile; fileRef = F56EF4C109A7D4A400F06521 /* dialog_group_settings.c */; };
		F56EF57B09A7EBEF00F06521 /* dialog_node_settings.c in Sources */ = {isa = PBXBuildFile; fileRef = F56EF57A09A7EBEF00F06521 /* dialog_node_settings.c */; };
		F571C8770B34DA6300F979B7 /* xml_setup.c in Sources */ = {isa = PBXBuildFile; fileRef = F571C8760B34DA6300F979B7 /* xml_setup.c */; };
		F57537BA055B5F4900D42FAF /* dim3 Editor.nib in Resources */ = {isa = PBXBuildFile; fileRef = F57537B9055B5F4900D42FAF /* dim3 Editor.nib */; };
		F57CACA70C38B76200B595F4 /* texture_palette.c in Sources */ = {isa = PBXBuildFile; fileRef = F57CACA60C38B76200B595F4 /* texture_palette.c */; };
		F58D0FB005B8C0A800DBBDC5 /* walk_view_click_piece.c in Sources */ = {isa = PBXBuildFile; fileRef = F58D0FAF05B8C0A800DBBDC5 /* walk_view_click_piece.c */; };
		F5934BF2099E7A530063E081 /* PNG.framework in Frameworks */ = {isa = PBXBuildFile; fileRef = F5934BF1099E7A530063E081 /* PNG.framework */; };
		F5934BFA099E7A760063E081 /* PNG.framework in Copy Frameworks */ = {isa = PBXBuildFile; fileRef = F5934BF1099E7A530063E081 /* PNG.framework */; };
		F595F33A0A8BBEF0004AB8BA /* modelutility.h in Headers */ = {isa = PBXBuildFile; fileRef = F595F3390A8BBEF0004AB8BA /* modelutility.h */; };
		F595F33C0A8BBF06004AB8BA /* libModelUtility.dylib in Frameworks */ = {isa = PBXBuildFile; fileRef = F595F33B0A8BBF06004AB8BA /* libModelUtility.dylib */; };
		F595F34E0A8C47D2004AB8BA /* walk_view_models.c in Sources */ = {isa = PBXBuildFile; fileRef = F595F34D0A8C47D2004AB8BA /* walk_view_models.c */; };
		F59C30B40ACEDC0B00599150 /* dialog_scenery_setting.c in Sources */ = {isa = PBXBuildFile; fileRef = F59C30B30ACEDC0B00599150 /* dialog_scenery_setting.c */; };
		F5A4321F055602DF002DF965 /* dim3editor.h in Headers */ = {isa = PBXBuildFile; fileRef = F51ABAD3048DAB0200B78D6A /* dim3editor.h */; };
		F5A43220055602DF002DF965 /* application_defs.h in Headers */ = {isa = PBXBuildFile; fileRef = F51ABADA048DACFE00B78D6A /* application_defs.h */; };
		F5A4322B055602DF002DF965 /* InfoPlist.strings in Resources */ = {isa = PBXBuildFile; fileRef = 0867D6AAFE840B52C02AAC07 /* InfoPlist.strings */; };
		F5A4322C055602DF002DF965 /* dim3 Editor.icns in Resources */ = {isa = PBXBuildFile; fileRef = 0123D85400C0AF0B7F000001 /* dim3 Editor.icns */; };
		F5A4322E055602DF002DF965 /* dos.c in Sources */ = {isa = PBXBuildFile; fileRef = 0123D85F00C0AFD57F000001 /* dos.c */; };
		F5A43231055602DF002DF965 /* main.c in Sources */ = {isa = PBXBuildFile; fileRef = 0123D86500C0AFD57F000001 /* main.c */; };
		F5A43232055602DF002DF965 /* menu.c in Sources */ = {isa = PBXBuildFile; fileRef = 0123D86600C0AFD57F000001 /* menu.c */; };
		F5A43233055602DF002DF965 /* nodes.c in Sources */ = {isa = PBXBuildFile; fileRef = 0123D86700C0AFD57F000001 /* nodes.c */; };
		F5A4323D055602DF002DF965 /* walk_view_draw_select.c in Sources */ = {isa = PBXBuildFile; fileRef = 0123D87500C0AFD57F000001 /* walk_view_draw_select.c */; };
		F5A43249055602DF002DF965 /* walk_view_movement.c in Sources */ = {isa = PBXBuildFile; fileRef = F5498A7B00F7C83E01000001 /* walk_view_movement.c */; };
		F5A4324E055602DF002DF965 /* pieces.c in Sources */ = {isa = PBXBuildFile; fileRef = F54797150107EA3C01000001 /* pieces.c */; };
		F5A43252055602DF002DF965 /* main_window.c in Sources */ = {isa = PBXBuildFile; fileRef = F54CD2090233430101250BB8 /* main_window.c */; };
		F5A43253055602DF002DF965 /* walk_view.c in Sources */ = {isa = PBXBuildFile; fileRef = F54CD20D0233497001250BB8 /* walk_view.c */; };
		F5A43254055602DF002DF965 /* progress_window.c in Sources */ = {isa = PBXBuildFile; fileRef = F510D43D02485F2F01DF5EE2 /* progress_window.c */; };
		F5A4325A055602DF002DF965 /* Carbon.framework in Frameworks */ = {isa = PBXBuildFile; fileRef = 20286C33FDCF999611CA2CEA /* Carbon.framework */; };
		F5A4325C055602DF002DF965 /* AGL.framework in Frameworks */ = {isa = PBXBuildFile; fileRef = F59E531D014DBA5801382915 /* AGL.framework */; };
		F5A4325D055602DF002DF965 /* OpenGL.framework in Frameworks */ = {isa = PBXBuildFile; fileRef = F5FE22D0014DC000015DC241 /* OpenGL.framework */; };
		F5A9881D094BF7D8005E55AE /* dialog.h in Headers */ = {isa = PBXBuildFile; fileRef = F5A9881C094BF7D8005E55AE /* dialog.h */; };
		F5AD54430BBE1FDB001C7C04 /* baseutility.h in Headers */ = {isa = PBXBuildFile; fileRef = F5AD54420BBE1FDB001C7C04 /* baseutility.h */; };
		F5AD54490BBE2010001C7C04 /* libBaseUtility.dylib in Frameworks */ = {isa = PBXBuildFile; fileRef = F5AD54480BBE2010001C7C04 /* libBaseUtility.dylib */; };
		F5AD544A0BBE201F001C7C04 /* libBaseUtility.dylib in Copy Frameworks */ = {isa = PBXBuildFile; fileRef = F5AD54480BBE2010001C7C04 /* libBaseUtility.dylib */; };
		F5AF023309CFB5A0008B576A /* dialog_free_rotate.c in Sources */ = {isa = PBXBuildFile; fileRef = F5AF023209CFB5A0008B576A /* dialog_free_rotate.c */; };
		F5AF0C5509638BC100F99950 /* dialog_utility.c in Sources */ = {isa = PBXBuildFile; fileRef = F5AF0C5409638BC100F99950 /* dialog_utility.c */; };
		F5AF0C5709638BC600F99950 /* dialog_texture_setting.c in Sources */ = {isa = PBXBuildFile; fileRef = F5AF0C5609638BC600F99950 /* dialog_texture_setting.c */; };
		F5C461460970A68600FBB643 /* dialog_about.c in Sources */ = {isa = PBXBuildFile; fileRef = F5C461450970A68600FBB643 /* dialog_about.c */; };
		F5CA0193098D8E6E00039712 /* dialog_map_auto_generate.c in Sources */ = {isa = PBXBuildFile; fileRef = F5CA0192098D8E6E00039712 /* dialog_map_auto_generate.c */; };
		F5D3312D0C39FF2C00BED1CE /* info_status_line.c in Sources */ = {isa = PBXBuildFile; fileRef = F5D3312C0C39FF2C00BED1CE /* info_status_line.c */; };
		F5D458EE0953160300AF9CE1 /* walk_view_draw_piece.c in Sources */ = {isa = PBXBuildFile; fileRef = F5D458ED0953160300AF9CE1 /* walk_view_draw_piece.c */; };
		F5DB0C520856A976005A7CB7 /* dim3 Editor.app in CopyFiles */ = {isa = PBXBuildFile; fileRef = F5A43266055602E0002DF965 /* dim3 Editor.app */; };
		F5DD757B092CFD8700465E14 /* launch.c in Sources */ = {isa = PBXBuildFile; fileRef = F5DD757A092CFD8700465E14 /* launch.c */; };
		F5E3883A0960AC1D003264F6 /* import.h in Headers */ = {isa = PBXBuildFile; fileRef = F5E388390960AC1D003264F6 /* import.h */; };
		F5E4C0FA0899DA1E005B03EC /* import_text_decode.c in Sources */ = {isa = PBXBuildFile; fileRef = F5E4C0F90899DA1E005B03EC /* import_text_decode.c */; };
		F5EA6BA709B176BD00E31EE7 /* dialog_map_movements.c in Sources */ = {isa = PBXBuildFile; fileRef = F5EA6BA609B176BD00E31EE7 /* dialog_map_movements.c */; };
		F5EA6CB809B29F0E00E31EE7 /* dialog_movement_settings.c in Sources */ = {isa = PBXBuildFile; fileRef = F5EA6CB709B29F0E00E31EE7 /* dialog_movement_settings.c */; };
		F5EA6CE809B2AF6200E31EE7 /* dialog_movement_move_settings.c in Sources */ = {isa = PBXBuildFile; fileRef = F5EA6CE709B2AF6200E31EE7 /* dialog_movement_move_settings.c */; };
		F5EC5F3D0A26946D001EEB18 /* dialog_map_particle_settings.c in Sources */ = {isa = PBXBuildFile; fileRef = F5EC5F3C0A26946D001EEB18 /* dialog_map_particle_settings.c */; };
		F5F49577067C18B200E809E7 /* libMapUtility.dylib in Frameworks */ = {isa = PBXBuildFile; fileRef = F5F49573067C18B200E809E7 /* libMapUtility.dylib */; };
		F5FEF6AF0BB4EB1000198897 /* libModelUtility.dylib in Copy Frameworks */ = {isa = PBXBuildFile; fileRef = F595F33B0A8BBF06004AB8BA /* libModelUtility.dylib */; };
		F5FEF6B00BB4EB1200198897 /* libMapUtility.dylib in Copy Frameworks */ = {isa = PBXBuildFile; fileRef = F5F49573067C18B200E809E7 /* libMapUtility.dylib */; };
/* End PBXBuildFile section */

/* Begin PBXBuildRule section */
		F522DCB90BBC851000DFF256 /* PBXBuildRule */ = {
			isa = PBXBuildRule;
			compilerSpec = com.apple.compilers.proxy.script;
			filePatterns = "*.js";
			fileType = pattern.proxy;
			isEditable = 1;
			outputFiles = (
			);
			script = "";
		};
/* End PBXBuildRule section */

/* Begin PBXCopyFilesBuildPhase section */
		F522DC530BBC726B00DFF256 /* Copy (Defaults) */ = {
			isa = PBXCopyFilesBuildPhase;
			buildActionMask = 2147483647;
			dstPath = Defaults;
			dstSubfolderSpec = 7;
			files = (
				F522DCD30BBC859300DFF256 /* Course.js in Copy (Defaults) */,
			);
			name = "Copy (Defaults)";
			runOnlyForDeploymentPostprocessing = 0;
		};
		F522DC770BBC810E00DFF256 /* Copy (Icons) */ = {
			isa = PBXCopyFilesBuildPhase;
			buildActionMask = 2147483647;
			dstPath = Icons;
			dstSubfolderSpec = 7;
			files = (
				F522DCD40BBC859700DFF256 /* light.png in Copy (Icons) */,
				F522DCD50BBC859700DFF256 /* node.png in Copy (Icons) */,
				26871A5C0F1168330043B667 /* node_defined.png in Copy (Icons) */,
				F522DCD60BBC859700DFF256 /* particle.png in Copy (Icons) */,
				F522DCD70BBC859700DFF256 /* scenery.png in Copy (Icons) */,
				F522DCD80BBC859700DFF256 /* sound.png in Copy (Icons) */,
				F522DCD90BBC859700DFF256 /* spot.png in Copy (Icons) */,
			);
			name = "Copy (Icons)";
			runOnlyForDeploymentPostprocessing = 0;
		};
		F522DC7F0BBC812D00DFF256 /* Copy (Primitives) */ = {
			isa = PBXCopyFilesBuildPhase;
			buildActionMask = 2147483647;
			dstPath = Primitives;
			dstSubfolderSpec = 7;
			files = (
			);
			name = "Copy (Primitives)";
			runOnlyForDeploymentPostprocessing = 0;
		};
		F522DC820BBC816500DFF256 /* Copy (Settings) */ = {
			isa = PBXCopyFilesBuildPhase;
			buildActionMask = 2147483647;
			dstPath = Settings;
			dstSubfolderSpec = 7;
			files = (
			);
			name = "Copy (Settings)";
			runOnlyForDeploymentPostprocessing = 0;
		};
		F5934BF8099E7A610063E081 /* Copy Frameworks */ = {
			isa = PBXCopyFilesBuildPhase;
			buildActionMask = 2147483647;
			dstPath = "";
			dstSubfolderSpec = 10;
			files = (
				F5AD544A0BBE201F001C7C04 /* libBaseUtility.dylib in Copy Frameworks */,
				F5FEF6AF0BB4EB1000198897 /* libModelUtility.dylib in Copy Frameworks */,
				F5FEF6B00BB4EB1200198897 /* libMapUtility.dylib in Copy Frameworks */,
				F5934BFA099E7A760063E081 /* PNG.framework in Copy Frameworks */,
			);
			name = "Copy Frameworks";
			runOnlyForDeploymentPostprocessing = 0;
		};
		F5DB0C4A0856A958005A7CB7 /* CopyFiles */ = {
			isa = PBXCopyFilesBuildPhase;
			buildActionMask = 2147483647;
			dstPath = "$(SRCROOT)/../../dim3/";
			dstSubfolderSpec = 0;
			files = (
				F5DB0C520856A976005A7CB7 /* dim3 Editor.app in CopyFiles */,
			);
			runOnlyForDeploymentPostprocessing = 0;
		};
/* End PBXCopyFilesBuildPhase section */

/* Begin PBXFileReference section */
		0123D85400C0AF0B7F000001 /* dim3 Editor.icns */ = {isa = PBXFileReference; lastKnownFileType = image.icns; name = "dim3 Editor.icns"; path = "Resources/dim3 Editor.icns"; sourceTree = "<group>"; };
		0123D85F00C0AFD57F000001 /* dos.c */ = {isa = PBXFileReference; fileEncoding = 30; lastKnownFileType = sourcecode.c.c; name = dos.c; path = Code/dos.c; sourceTree = "<group>"; };
		0123D86500C0AFD57F000001 /* main.c */ = {isa = PBXFileReference; fileEncoding = 30; lastKnownFileType = sourcecode.c.c; name = main.c; path = Code/main.c; sourceTree = "<group>"; };
		0123D86600C0AFD57F000001 /* menu.c */ = {isa = PBXFileReference; fileEncoding = 30; lastKnownFileType = sourcecode.c.c; name = menu.c; path = Code/menu.c; sourceTree = "<group>"; };
		0123D86700C0AFD57F000001 /* nodes.c */ = {isa = PBXFileReference; fileEncoding = 30; lastKnownFileType = sourcecode.c.c; name = nodes.c; path = Code/nodes.c; sourceTree = "<group>"; };
		0123D87500C0AFD57F000001 /* walk_view_draw_select.c */ = {isa = PBXFileReference; fileEncoding = 30; lastKnownFileType = sourcecode.c.c; name = walk_view_draw_select.c; path = Code/walk_view_draw_select.c; sourceTree = "<group>"; };
		0867D6ABFE840B52C02AAC07 /* English */ = {isa = PBXFileReference; fileEncoding = 10; lastKnownFileType = text.plist.strings; name = English; path = English.lproj/InfoPlist.strings; sourceTree = "<group>"; };
		20286C33FDCF999611CA2CEA /* Carbon.framework */ = {isa = PBXFileReference; lastKnownFileType = wrapper.framework; name = Carbon.framework; path = /System/Library/Frameworks/Carbon.framework; sourceTree = "<absolute>"; };
		263013CA0D713B7E00564E2C /* main_window_panels.c */ = {isa = PBXFileReference; fileEncoding = 4; lastKnownFileType = sourcecode.c.c; name = main_window_panels.c; path = Code/main_window_panels.c; sourceTree = "<group>"; };
		2630141D0D72844300564E2C /* walk_view_swap.c */ = {isa = PBXFileReference; fileEncoding = 4; lastKnownFileType = sourcecode.c.c; name = walk_view_swap.c; path = Code/walk_view_swap.c; sourceTree = "<group>"; };
		263614450DC41DF6002345C0 /* walk_view_click_texture.c */ = {isa = PBXFileReference; fileEncoding = 4; lastKnownFileType = sourcecode.c.c; name = walk_view_click_texture.c; path = Code/walk_view_click_texture.c; sourceTree = "<group>"; };
		263B67370F7072EE0065AB38 /* palette_spot.c */ = {isa = PBXFileReference; fileEncoding = 4; lastKnownFileType = sourcecode.c.c; name = palette_spot.c; path = Code/palette_spot.c; sourceTree = "<group>"; };
		263B683B0F730FA40065AB38 /* palette_area.c */ = {isa = PBXFileReference; fileEncoding = 4; lastKnownFileType = sourcecode.c.c; name = palette_area.c; path = Code/palette_area.c; sourceTree = "<group>"; };
		2644C95B0DF8E349005CE451 /* dialog_mesh_scale.c */ = {isa = PBXFileReference; fileEncoding = 4; lastKnownFileType = sourcecode.c.c; name = dialog_mesh_scale.c; path = Code/dialog_mesh_scale.c; sourceTree = "<group>"; };
		2647AD810E4F48D000BA3338 /* dialog_height_import.c */ = {isa = PBXFileReference; fileEncoding = 4; lastKnownFileType = sourcecode.c.c; name = dialog_height_import.c; path = Code/dialog_height_import.c; sourceTree = "<group>"; };
		265DCE9F0F6CC13100C1E65D /* palette_mesh.c */ = {isa = PBXFileReference; fileEncoding = 4; lastKnownFileType = sourcecode.c.c; name = palette_mesh.c; path = Code/palette_mesh.c; sourceTree = "<group>"; };
		265DCEFA0F6D6A3E00C1E65D /* palette_polygon.c */ = {isa = PBXFileReference; fileEncoding = 4; lastKnownFileType = sourcecode.c.c; name = palette_polygon.c; path = Code/palette_polygon.c; sourceTree = "<group>"; };
		265DCF4C0F6DBF9D00C1E65D /* palette_liquid.c */ = {isa = PBXFileReference; fileEncoding = 4; lastKnownFileType = sourcecode.c.c; name = palette_liquid.c; path = Code/palette_liquid.c; sourceTree = "<group>"; };
		26772F800EBE8A6600F9E241 /* dialog_reposition.c */ = {isa = PBXFileReference; fileEncoding = 4; lastKnownFileType = sourcecode.c.c; name = dialog_reposition.c; path = Code/dialog_reposition.c; sourceTree = "<group>"; };
		26791D420E4D626700AAD058 /* dialog_grid_mesh.c */ = {isa = PBXFileReference; fileEncoding = 4; lastKnownFileType = sourcecode.c.c; name = dialog_grid_mesh.c; path = Code/dialog_grid_mesh.c; sourceTree = "<group>"; };
		26871A3B0F11666E0043B667 /* node_defined.png */ = {isa = PBXFileReference; lastKnownFileType = image.png; path = node_defined.png; sourceTree = "<group>"; };
		26899FA80F1EBF25007860EB /* editor_defs.h */ = {isa = PBXFileReference; fileEncoding = 4; lastKnownFileType = sourcecode.c.h; name = editor_defs.h; path = Headers/editor_defs.h; sourceTree = "<group>"; };
		268BC8A50F64C8E400E900C2 /* dialog_preference.c */ = {isa = PBXFileReference; fileEncoding = 4; lastKnownFileType = sourcecode.c.c; name = dialog_preference.c; path = Code/dialog_preference.c; sourceTree = "<group>"; };
		26934B100D876A800009F81E /* walk_view_click_drag.c */ = {isa = PBXFileReference; fileEncoding = 4; lastKnownFileType = sourcecode.c.c; name = walk_view_click_drag.c; path = Code/walk_view_click_drag.c; sourceTree = "<group>"; };
		26AFB4480D95E0E60004805A /* pieces_mesh.c */ = {isa = PBXFileReference; fileEncoding = 4; lastKnownFileType = sourcecode.c.c; name = pieces_mesh.c; path = Code/pieces_mesh.c; sourceTree = "<group>"; };
		26AFB4D10D9615C00004805A /* maputility.h */ = {isa = PBXFileReference; fileEncoding = 4; lastKnownFileType = sourcecode.c.h; name = maputility.h; path = ../dim3Common/Headers/maputility.h; sourceTree = SOURCE_ROOT; };
		26B8C2D60F62F2A200C6DEBD /* palettes.c */ = {isa = PBXFileReference; fileEncoding = 4; lastKnownFileType = sourcecode.c.c; name = palettes.c; path = Code/palettes.c; sourceTree = "<group>"; };
		26BE521A0E5FD01A009B6925 /* dialog_save.c */ = {isa = PBXFileReference; fileEncoding = 4; lastKnownFileType = sourcecode.c.c; name = dialog_save.c; path = Code/dialog_save.c; sourceTree = "<group>"; };
		26DB6D960DDFCE4100BDD008 /* dialog_resize.c */ = {isa = PBXFileReference; fileEncoding = 4; lastKnownFileType = sourcecode.c.c; name = dialog_resize.c; path = Code/dialog_resize.c; sourceTree = "<group>"; };
		26EE38800EA595D5002A8365 /* dialog_map_groups.c */ = {isa = PBXFileReference; fileEncoding = 4; lastKnownFileType = sourcecode.c.c; name = dialog_map_groups.c; path = Code/dialog_map_groups.c; sourceTree = "<group>"; };
		26FC3AFE0ECF8F2F00DD6F37 /* dialog_optimize.c */ = {isa = PBXFileReference; fileEncoding = 4; lastKnownFileType = sourcecode.c.c; name = dialog_optimize.c; path = Code/dialog_optimize.c; sourceTree = "<group>"; };
		F501B2F809D5129B00742D03 /* dialog_texture_combo_utility.c */ = {isa = PBXFileReference; fileEncoding = 30; lastKnownFileType = sourcecode.c.c; name = dialog_texture_combo_utility.c; path = Code/dialog_texture_combo_utility.c; sourceTree = "<group>"; };
		F50AF9AD088601C600F261B1 /* os_defs.h */ = {isa = PBXFileReference; fileEncoding = 30; lastKnownFileType = sourcecode.c.h; name = os_defs.h; path = ../dim3Common/Headers/os_defs.h; sourceTree = SOURCE_ROOT; };
		F50EC4D609DEED57007A0B8A /* mapimport.h */ = {isa = PBXFileReference; fileEncoding = 30; lastKnownFileType = sourcecode.c.h; name = mapimport.h; path = ../dim3Common/Headers/mapimport.h; sourceTree = SOURCE_ROOT; };
		F50EC58A09E0B9F0007A0B8A /* import.c */ = {isa = PBXFileReference; fileEncoding = 30; lastKnownFileType = sourcecode.c.c; name = import.c; path = Code/import.c; sourceTree = "<group>"; };
		F510D43D02485F2F01DF5EE2 /* progress_window.c */ = {isa = PBXFileReference; fileEncoding = 30; lastKnownFileType = sourcecode.c.c; name = progress_window.c; path = Code/progress_window.c; sourceTree = "<group>"; };
		F51ABAD3048DAB0200B78D6A /* dim3editor.h */ = {isa = PBXFileReference; fileEncoding = 30; lastKnownFileType = sourcecode.c.h; name = dim3editor.h; path = Headers/dim3editor.h; sourceTree = "<group>"; };
		F51ABADA048DACFE00B78D6A /* application_defs.h */ = {isa = PBXFileReference; fileEncoding = 30; lastKnownFileType = sourcecode.c.h; name = application_defs.h; path = Headers/application_defs.h; sourceTree = "<group>"; };
		F51B05230A85391500714D26 /* dialog_special_combo_utility.c */ = {isa = PBXFileReference; fileEncoding = 30; lastKnownFileType = sourcecode.c.c; name = dialog_special_combo_utility.c; path = Code/dialog_special_combo_utility.c; sourceTree = "<group>"; };
		F51E8B6B084FE4D600C3AC6A /* dialog_file_new.c */ = {isa = PBXFileReference; fileEncoding = 30; lastKnownFileType = sourcecode.c.c; name = dialog_file_new.c; path = Code/dialog_file_new.c; sourceTree = "<group>"; };
		F522DCBD0BBC853C00DFF256 /* Course.js */ = {isa = PBXFileReference; fileEncoding = 30; lastKnownFileType = sourcecode.javascript; path = Course.js; sourceTree = "<group>"; };
		F522DCBF0BBC853C00DFF256 /* light.png */ = {isa = PBXFileReference; lastKnownFileType = image.png; path = light.png; sourceTree = "<group>"; };
		F522DCC00BBC853C00DFF256 /* node.png */ = {isa = PBXFileReference; lastKnownFileType = image.png; path = node.png; sourceTree = "<group>"; };
		F522DCC10BBC853C00DFF256 /* particle.png */ = {isa = PBXFileReference; lastKnownFileType = image.png; path = particle.png; sourceTree = "<group>"; };
		F522DCC20BBC853C00DFF256 /* scenery.png */ = {isa = PBXFileReference; lastKnownFileType = image.png; path = scenery.png; sourceTree = "<group>"; };
		F522DCC30BBC853C00DFF256 /* sound.png */ = {isa = PBXFileReference; lastKnownFileType = image.png; path = sound.png; sourceTree = "<group>"; };
		F522DCC40BBC853C00DFF256 /* spot.png */ = {isa = PBXFileReference; lastKnownFileType = image.png; path = spot.png; sourceTree = "<group>"; };
		F5239B9D0AFD9C5200241092 /* undo.c */ = {isa = PBXFileReference; fileEncoding = 30; lastKnownFileType = sourcecode.c.c; name = undo.c; path = Code/undo.c; sourceTree = "<group>"; };
		F52F19B70946A63100FEFE18 /* selection.c */ = {isa = PBXFileReference; fileEncoding = 30; lastKnownFileType = sourcecode.c.c; name = selection.c; path = Code/selection.c; sourceTree = "<group>"; };
		F52F19D40946A89C00FEFE18 /* common_view.h */ = {isa = PBXFileReference; fileEncoding = 30; lastKnownFileType = sourcecode.c.h; name = common_view.h; path = Headers/common_view.h; sourceTree = "<group>"; };
		F54581BA094F75D200CBE89A /* interface.h */ = {isa = PBXFileReference; fileEncoding = 30; lastKnownFileType = sourcecode.c.h; name = interface.h; path = Headers/interface.h; sourceTree = "<group>"; };
		F54583E3094F868300CBE89A /* pieces_create.c */ = {isa = PBXFileReference; fileEncoding = 30; lastKnownFileType = sourcecode.c.c; name = pieces_create.c; path = Code/pieces_create.c; sourceTree = "<group>"; };
		F545877C0952652700CBE89A /* walk_view_compass.c */ = {isa = PBXFileReference; fileEncoding = 30; lastKnownFileType = sourcecode.c.c; name = walk_view_compass.c; path = Code/walk_view_compass.c; sourceTree = "<group>"; };
		F545877E0952654600CBE89A /* walk_view.h */ = {isa = PBXFileReference; fileEncoding = 30; lastKnownFileType = sourcecode.c.h; name = walk_view.h; path = Headers/walk_view.h; sourceTree = "<group>"; };
		F54797150107EA3C01000001 /* pieces.c */ = {isa = PBXFileReference; fileEncoding = 30; lastKnownFileType = sourcecode.c.c; name = pieces.c; path = Code/pieces.c; sourceTree = "<group>"; };
		F5498A7B00F7C83E01000001 /* walk_view_movement.c */ = {isa = PBXFileReference; fileEncoding = 30; lastKnownFileType = sourcecode.c.c; name = walk_view_movement.c; path = Code/walk_view_movement.c; sourceTree = "<group>"; };
		F54CD2090233430101250BB8 /* main_window.c */ = {isa = PBXFileReference; fileEncoding = 30; lastKnownFileType = sourcecode.c.c; name = main_window.c; path = Code/main_window.c; sourceTree = "<group>"; };
		F54CD20D0233497001250BB8 /* walk_view.c */ = {isa = PBXFileReference; fileEncoding = 30; lastKnownFileType = sourcecode.c.c; name = walk_view.c; path = Code/walk_view.c; sourceTree = "<group>"; };
		F5595F7D0918717300B60FAD /* groups.c */ = {isa = PBXFileReference; fileEncoding = 30; lastKnownFileType = sourcecode.c.c; name = groups.c; path = Code/groups.c; sourceTree = "<group>"; };
		F5691684084E6B9000ADFA44 /* dialog_file_open.c */ = {isa = PBXFileReference; fileEncoding = 30; lastKnownFileType = sourcecode.c.c; name = dialog_file_open.c; path = Code/dialog_file_open.c; sourceTree = "<group>"; };
		F56EF37B09A69A3400F06521 /* dialog_map_settings.c */ = {isa = PBXFileReference; fileEncoding = 30; lastKnownFileType = sourcecode.c.c; name = dialog_map_settings.c; path = Code/dialog_map_settings.c; sourceTree = "<group>"; };
		F56EF3F609A6F70700F06521 /* dialog_map_light_settings.c */ = {isa = PBXFileReference; fileEncoding = 30; lastKnownFileType = sourcecode.c.c; name = dialog_map_light_settings.c; path = Code/dialog_map_light_settings.c; sourceTree = "<group>"; };
		F56EF44109A6FC7F00F06521 /* dialog_map_sound_settings.c */ = {isa = PBXFileReference; fileEncoding = 30; lastKnownFileType = sourcecode.c.c; name = dialog_map_sound_settings.c; path = Code/dialog_map_sound_settings.c; sourceTree = "<group>"; };
		F56EF4C109A7D4A400F06521 /* dialog_group_settings.c */ = {isa = PBXFileReference; fileEncoding = 30; lastKnownFileType = sourcecode.c.c; name = dialog_group_settings.c; path = Code/dialog_group_settings.c; sourceTree = "<group>"; };
		F56EF57A09A7EBEF00F06521 /* dialog_node_settings.c */ = {isa = PBXFileReference; fileEncoding = 30; lastKnownFileType = sourcecode.c.c; name = dialog_node_settings.c; path = Code/dialog_node_settings.c; sourceTree = "<group>"; };
		F571C8760B34DA6300F979B7 /* xml_setup.c */ = {isa = PBXFileReference; fileEncoding = 30; lastKnownFileType = sourcecode.c.c; name = xml_setup.c; path = Code/xml_setup.c; sourceTree = "<group>"; };
		F57537B9055B5F4900D42FAF /* dim3 Editor.nib */ = {isa = PBXFileReference; lastKnownFileType = wrapper.nib; name = "dim3 Editor.nib"; path = "Resources/dim3 Editor.nib"; sourceTree = "<group>"; };
		F577353100F0085D01000001 /* dim3 Editor.rsrc */ = {isa = PBXFileReference; lastKnownFileType = archive.rsrc; name = "dim3 Editor.rsrc"; path = "Resources/dim3 Editor.rsrc"; sourceTree = "<group>"; };
		F57CACA60C38B76200B595F4 /* texture_palette.c */ = {isa = PBXFileReference; fileEncoding = 30; lastKnownFileType = sourcecode.c.c; name = texture_palette.c; path = Code/texture_palette.c; sourceTree = "<group>"; };
		F58D0FAF05B8C0A800DBBDC5 /* walk_view_click_piece.c */ = {isa = PBXFileReference; fileEncoding = 30; lastKnownFileType = sourcecode.c.c; name = walk_view_click_piece.c; path = Code/walk_view_click_piece.c; sourceTree = "<group>"; };
		F5934BF1099E7A530063E081 /* PNG.framework */ = {isa = PBXFileReference; lastKnownFileType = wrapper.framework; name = PNG.framework; path = ../dim3Common/Frameworks/PNG.framework; sourceTree = SOURCE_ROOT; };
		F595F3390A8BBEF0004AB8BA /* modelutility.h */ = {isa = PBXFileReference; fileEncoding = 30; lastKnownFileType = sourcecode.c.h; name = modelutility.h; path = ../dim3Common/Headers/modelutility.h; sourceTree = SOURCE_ROOT; };
		F595F33B0A8BBF06004AB8BA /* libModelUtility.dylib */ = {isa = PBXFileReference; lastKnownFileType = "compiled.mach-o.dylib"; name = libModelUtility.dylib; path = ../dim3Common/Libraries/libModelUtility.dylib; sourceTree = SOURCE_ROOT; };
		F595F34D0A8C47D2004AB8BA /* walk_view_models.c */ = {isa = PBXFileReference; fileEncoding = 30; lastKnownFileType = sourcecode.c.c; name = walk_view_models.c; path = Code/walk_view_models.c; sourceTree = "<group>"; };
		F59C30B30ACEDC0B00599150 /* dialog_scenery_setting.c */ = {isa = PBXFileReference; fileEncoding = 30; lastKnownFileType = sourcecode.c.c; name = dialog_scenery_setting.c; path = Code/dialog_scenery_setting.c; sourceTree = "<group>"; };
		F59E531D014DBA5801382915 /* AGL.framework */ = {isa = PBXFileReference; lastKnownFileType = wrapper.framework; name = AGL.framework; path = /System/Library/Frameworks/AGL.framework; sourceTree = "<absolute>"; };
		F5A43266055602E0002DF965 /* dim3 Editor.app */ = {isa = PBXFileReference; explicitFileType = wrapper.application; includeInIndex = 0; path = "dim3 Editor.app"; sourceTree = BUILT_PRODUCTS_DIR; };
		F5A43278055607CC002DF965 /* Info-dim3_Editor.plist */ = {isa = PBXFileReference; fileEncoding = 30; lastKnownFileType = text.plist; name = "Info-dim3_Editor.plist"; path = "Resources/Info-dim3_Editor.plist"; sourceTree = "<group>"; };
		F5A9881C094BF7D8005E55AE /* dialog.h */ = {isa = PBXFileReference; fileEncoding = 30; lastKnownFileType = sourcecode.c.h; name = dialog.h; path = Headers/dialog.h; sourceTree = "<group>"; };
		F5AD54420BBE1FDB001C7C04 /* baseutility.h */ = {isa = PBXFileReference; fileEncoding = 30; lastKnownFileType = sourcecode.c.h; name = baseutility.h; path = ../dim3Common/Headers/baseutility.h; sourceTree = SOURCE_ROOT; };
		F5AD54480BBE2010001C7C04 /* libBaseUtility.dylib */ = {isa = PBXFileReference; lastKnownFileType = archive.ar; name = libBaseUtility.dylib; path = ../dim3Common/Libraries/libBaseUtility.dylib; sourceTree = SOURCE_ROOT; };
		F5AF023209CFB5A0008B576A /* dialog_free_rotate.c */ = {isa = PBXFileReference; fileEncoding = 30; lastKnownFileType = sourcecode.c.c; name = dialog_free_rotate.c; path = Code/dialog_free_rotate.c; sourceTree = "<group>"; };
		F5AF0C5409638BC100F99950 /* dialog_utility.c */ = {isa = PBXFileReference; fileEncoding = 30; lastKnownFileType = sourcecode.c.c; name = dialog_utility.c; path = Code/dialog_utility.c; sourceTree = "<group>"; };
		F5AF0C5609638BC600F99950 /* dialog_texture_setting.c */ = {isa = PBXFileReference; fileEncoding = 30; lastKnownFileType = sourcecode.c.c; name = dialog_texture_setting.c; path = Code/dialog_texture_setting.c; sourceTree = "<group>"; };
		F5C461450970A68600FBB643 /* dialog_about.c */ = {isa = PBXFileReference; fileEncoding = 30; lastKnownFileType = sourcecode.c.c; name = dialog_about.c; path = Code/dialog_about.c; sourceTree = "<group>"; };
		F5CA0192098D8E6E00039712 /* dialog_map_auto_generate.c */ = {isa = PBXFileReference; fileEncoding = 30; lastKnownFileType = sourcecode.c.c; name = dialog_map_auto_generate.c; path = Code/dialog_map_auto_generate.c; sourceTree = "<group>"; };
		F5D3312C0C39FF2C00BED1CE /* info_status_line.c */ = {isa = PBXFileReference; fileEncoding = 30; lastKnownFileType = sourcecode.c.c; name = info_status_line.c; path = Code/info_status_line.c; sourceTree = "<group>"; };
		F5D458ED0953160300AF9CE1 /* walk_view_draw_piece.c */ = {isa = PBXFileReference; fileEncoding = 30; lastKnownFileType = sourcecode.c.c; name = walk_view_draw_piece.c; path = Code/walk_view_draw_piece.c; sourceTree = "<group>"; };
		F5DD757A092CFD8700465E14 /* launch.c */ = {isa = PBXFileReference; fileEncoding = 30; lastKnownFileType = sourcecode.c.c; name = launch.c; path = Code/launch.c; sourceTree = "<group>"; };
		F5E388390960AC1D003264F6 /* import.h */ = {isa = PBXFileReference; fileEncoding = 30; lastKnownFileType = sourcecode.c.h; name = import.h; path = Headers/import.h; sourceTree = "<group>"; };
		F5E4C0F90899DA1E005B03EC /* import_text_decode.c */ = {isa = PBXFileReference; fileEncoding = 30; lastKnownFileType = sourcecode.c.c; name = import_text_decode.c; path = Code/import_text_decode.c; sourceTree = "<group>"; };
		F5EA6BA609B176BD00E31EE7 /* dialog_map_movements.c */ = {isa = PBXFileReference; fileEncoding = 30; lastKnownFileType = sourcecode.c.c; name = dialog_map_movements.c; path = Code/dialog_map_movements.c; sourceTree = "<group>"; };
		F5EA6CB709B29F0E00E31EE7 /* dialog_movement_settings.c */ = {isa = PBXFileReference; fileEncoding = 30; lastKnownFileType = sourcecode.c.c; name = dialog_movement_settings.c; path = Code/dialog_movement_settings.c; sourceTree = "<group>"; };
		F5EA6CE709B2AF6200E31EE7 /* dialog_movement_move_settings.c */ = {isa = PBXFileReference; fileEncoding = 30; lastKnownFileType = sourcecode.c.c; name = dialog_movement_move_settings.c; path = Code/dialog_movement_move_settings.c; sourceTree = "<group>"; };
		F5EC5F3C0A26946D001EEB18 /* dialog_map_particle_settings.c */ = {isa = PBXFileReference; fileEncoding = 30; lastKnownFileType = sourcecode.c.c; name = dialog_map_particle_settings.c; path = Code/dialog_map_particle_settings.c; sourceTree = "<group>"; };
		F5F49573067C18B200E809E7 /* libMapUtility.dylib */ = {isa = PBXFileReference; lastKnownFileType = "compiled.mach-o.dylib"; name = libMapUtility.dylib; path = ../dim3Common/Libraries/libMapUtility.dylib; sourceTree = SOURCE_ROOT; };
		F5FE22D0014DC000015DC241 /* OpenGL.framework */ = {isa = PBXFileReference; lastKnownFileType = wrapper.framework; name = OpenGL.framework; path = /System/Library/Frameworks/OpenGL.framework; sourceTree = "<absolute>"; };
/* End PBXFileReference section */

/* Begin PBXFrameworksBuildPhase section */
		F5A43259055602DF002DF965 /* Frameworks */ = {
			isa = PBXFrameworksBuildPhase;
			buildActionMask = 2147483647;
			files = (
				F5A4325A055602DF002DF965 /* Carbon.framework in Frameworks */,
				F5A4325C055602DF002DF965 /* AGL.framework in Frameworks */,
				F5A4325D055602DF002DF965 /* OpenGL.framework in Frameworks */,
				F5F49577067C18B200E809E7 /* libMapUtility.dylib in Frameworks */,
				F5934BF2099E7A530063E081 /* PNG.framework in Frameworks */,
				F595F33C0A8BBF06004AB8BA /* libModelUtility.dylib in Frameworks */,
				F5AD54490BBE2010001C7C04 /* libBaseUtility.dylib in Frameworks */,
			);
			runOnlyForDeploymentPostprocessing = 0;
		};
/* End PBXFrameworksBuildPhase section */

/* Begin PBXGroup section */
		0123D84F00C0AE397F000001 /* Headers */ = {
			isa = PBXGroup;
			children = (
				F51ABAD3048DAB0200B78D6A /* dim3editor.h */,
				F51ABADA048DACFE00B78D6A /* application_defs.h */,
				26899FA80F1EBF25007860EB /* editor_defs.h */,
				F50AF9AD088601C600F261B1 /* os_defs.h */,
				F5AD54420BBE1FDB001C7C04 /* baseutility.h */,
				26AFB4D10D9615C00004805A /* maputility.h */,
				F595F3390A8BBEF0004AB8BA /* modelutility.h */,
				F50EC4D609DEED57007A0B8A /* mapimport.h */,
				F5E388390960AC1D003264F6 /* import.h */,
				F54581BA094F75D200CBE89A /* interface.h */,
				F5A9881C094BF7D8005E55AE /* dialog.h */,
				F52F19D40946A89C00FEFE18 /* common_view.h */,
				F545877E0952654600CBE89A /* walk_view.h */,
			);
			name = Headers;
			sourceTree = "<group>";
		};
		0123D85000C0AE397F000001 /* Libraries */ = {
			isa = PBXGroup;
			children = (
				F5AD54480BBE2010001C7C04 /* libBaseUtility.dylib */,
				F595F33B0A8BBF06004AB8BA /* libModelUtility.dylib */,
				F5F49573067C18B200E809E7 /* libMapUtility.dylib */,
			);
			name = Libraries;
			sourceTree = "<group>";
		};
		195DF8C9FE9D4F0611CA2CBB /* Products */ = {
			isa = PBXGroup;
			children = (
				F5A43266055602E0002DF965 /* dim3 Editor.app */,
			);
			name = Products;
			sourceTree = "<group>";
		};
		20286C29FDCF999611CA2CEA /* dim3 Editor */ = {
			isa = PBXGroup;
			children = (
				0123D84F00C0AE397F000001 /* Headers */,
				20286C2AFDCF999611CA2CEA /* Sources */,
				20286C2CFDCF999611CA2CEA /* Resources */,
				F522DCBB0BBC853C00DFF256 /* Additional Data */,
				0123D85000C0AE397F000001 /* Libraries */,
				20286C32FDCF999611CA2CEA /* Frameworks */,
				195DF8C9FE9D4F0611CA2CBB /* Products */,
			);
			name = "dim3 Editor";
			sourceTree = "<group>";
		};
		20286C2AFDCF999611CA2CEA /* Sources */ = {
			isa = PBXGroup;
			children = (
				F5EC0BB200DDC1F701000001 /* Windows */,
				265DCE8F0F6CBFCF00C1E65D /* Palettes */,
				F5E8EBA808A1C1EF00F06B82 /* Common View */,
				F508860900E8413C01000001 /* Walk View */,
				F5A98817094BF740005E55AE /* Dialogs */,
				F5E387980960916F003264F6 /* Import */,
				F503BCC9011B901401000001 /* Main */,
			);
			name = Sources;
			sourceTree = "<group>";
		};
		20286C2CFDCF999611CA2CEA /* Resources */ = {
			isa = PBXGroup;
			children = (
				F5A43278055607CC002DF965 /* Info-dim3_Editor.plist */,
				0867D6AAFE840B52C02AAC07 /* InfoPlist.strings */,
				F57537B9055B5F4900D42FAF /* dim3 Editor.nib */,
				F577353100F0085D01000001 /* dim3 Editor.rsrc */,
				0123D85400C0AF0B7F000001 /* dim3 Editor.icns */,
			);
			name = Resources;
			sourceTree = "<group>";
		};
		20286C32FDCF999611CA2CEA /* Frameworks */ = {
			isa = PBXGroup;
			children = (
				20286C33FDCF999611CA2CEA /* Carbon.framework */,
				F59E531D014DBA5801382915 /* AGL.framework */,
				F5FE22D0014DC000015DC241 /* OpenGL.framework */,
				F5934BF1099E7A530063E081 /* PNG.framework */,
			);
			name = Frameworks;
			sourceTree = "<group>";
		};
		265DCE8F0F6CBFCF00C1E65D /* Palettes */ = {
			isa = PBXGroup;
			children = (
				26B8C2D60F62F2A200C6DEBD /* palettes.c */,
				265DCE9F0F6CC13100C1E65D /* palette_mesh.c */,
				265DCEFA0F6D6A3E00C1E65D /* palette_polygon.c */,
				265DCF4C0F6DBF9D00C1E65D /* palette_liquid.c */,
				263B67370F7072EE0065AB38 /* palette_spot.c */,
				263B683B0F730FA40065AB38 /* palette_area.c */,
			);
			name = Palettes;
			sourceTree = "<group>";
		};
		F503BCC9011B901401000001 /* Main */ = {
			isa = PBXGroup;
			children = (
				0123D86500C0AFD57F000001 /* main.c */,
				0123D86600C0AFD57F000001 /* menu.c */,
				0123D85F00C0AFD57F000001 /* dos.c */,
				F5239B9D0AFD9C5200241092 /* undo.c */,
				F571C8760B34DA6300F979B7 /* xml_setup.c */,
			);
			name = Main;
			sourceTree = "<group>";
		};
		F508860900E8413C01000001 /* Walk View */ = {
			isa = PBXGroup;
			children = (
				F54CD20D0233497001250BB8 /* walk_view.c */,
				F58D0FAF05B8C0A800DBBDC5 /* walk_view_click_piece.c */,
				26934B100D876A800009F81E /* walk_view_click_drag.c */,
				263614450DC41DF6002345C0 /* walk_view_click_texture.c */,
				F5D458ED0953160300AF9CE1 /* walk_view_draw_piece.c */,
				0123D87500C0AFD57F000001 /* walk_view_draw_select.c */,
				F545877C0952652700CBE89A /* walk_view_compass.c */,
				2630141D0D72844300564E2C /* walk_view_swap.c */,
				F5498A7B00F7C83E01000001 /* walk_view_movement.c */,
				F595F34D0A8C47D2004AB8BA /* walk_view_models.c */,
			);
			name = "Walk View";
			sourceTree = "<group>";
		};
		F522DCBB0BBC853C00DFF256 /* Additional Data */ = {
			isa = PBXGroup;
			children = (
				F522DCBC0BBC853C00DFF256 /* Defaults */,
				F522DCBE0BBC853C00DFF256 /* Icons */,
			);
			name = "Additional Data";
			path = "Resources/Additional Data";
			sourceTree = "<group>";
		};
		F522DCBC0BBC853C00DFF256 /* Defaults */ = {
			isa = PBXGroup;
			children = (
				F522DCBD0BBC853C00DFF256 /* Course.js */,
			);
			path = Defaults;
			sourceTree = "<group>";
		};
		F522DCBE0BBC853C00DFF256 /* Icons */ = {
			isa = PBXGroup;
			children = (
				F522DCBF0BBC853C00DFF256 /* light.png */,
				F522DCC00BBC853C00DFF256 /* node.png */,
				26871A3B0F11666E0043B667 /* node_defined.png */,
				F522DCC10BBC853C00DFF256 /* particle.png */,
				F522DCC20BBC853C00DFF256 /* scenery.png */,
				F522DCC30BBC853C00DFF256 /* sound.png */,
				F522DCC40BBC853C00DFF256 /* spot.png */,
			);
			path = Icons;
			sourceTree = "<group>";
		};
		F5A98817094BF740005E55AE /* Dialogs */ = {
			isa = PBXGroup;
			children = (
				F5AF0C5409638BC100F99950 /* dialog_utility.c */,
				F51B05230A85391500714D26 /* dialog_special_combo_utility.c */,
				F501B2F809D5129B00742D03 /* dialog_texture_combo_utility.c */,
				F5C461450970A68600FBB643 /* dialog_about.c */,
				268BC8A50F64C8E400E900C2 /* dialog_preference.c */,
				F51E8B6B084FE4D600C3AC6A /* dialog_file_new.c */,
				F5691684084E6B9000ADFA44 /* dialog_file_open.c */,
				F56EF37B09A69A3400F06521 /* dialog_map_settings.c */,
				26EE38800EA595D5002A8365 /* dialog_map_groups.c */,
				F5EA6BA609B176BD00E31EE7 /* dialog_map_movements.c */,
				26FC3AFE0ECF8F2F00DD6F37 /* dialog_optimize.c */,
				F5EA6CB709B29F0E00E31EE7 /* dialog_movement_settings.c */,
				F5EA6CE709B2AF6200E31EE7 /* dialog_movement_move_settings.c */,
				F56EF4C109A7D4A400F06521 /* dialog_group_settings.c */,
				26DB6D960DDFCE4100BDD008 /* dialog_resize.c */,
				26772F800EBE8A6600F9E241 /* dialog_reposition.c */,
				F5AF023209CFB5A0008B576A /* dialog_free_rotate.c */,
				F59C30B30ACEDC0B00599150 /* dialog_scenery_setting.c */,
				F56EF57A09A7EBEF00F06521 /* dialog_node_settings.c */,
				F56EF3F609A6F70700F06521 /* dialog_map_light_settings.c */,
				F56EF44109A6FC7F00F06521 /* dialog_map_sound_settings.c */,
				F5EC5F3C0A26946D001EEB18 /* dialog_map_particle_settings.c */,
				F5AF0C5609638BC600F99950 /* dialog_texture_setting.c */,
				2644C95B0DF8E349005CE451 /* dialog_mesh_scale.c */,
				26791D420E4D626700AAD058 /* dialog_grid_mesh.c */,
				2647AD810E4F48D000BA3338 /* dialog_height_import.c */,
				F5CA0192098D8E6E00039712 /* dialog_map_auto_generate.c */,
				26BE521A0E5FD01A009B6925 /* dialog_save.c */,
			);
			name = Dialogs;
			sourceTree = "<group>";
		};
		F5E387980960916F003264F6 /* Import */ = {
			isa = PBXGroup;
			children = (
				F50EC58A09E0B9F0007A0B8A /* import.c */,
				F5E4C0F90899DA1E005B03EC /* import_text_decode.c */,
			);
			name = Import;
			sourceTree = "<group>";
		};
		F5E8EBA808A1C1EF00F06B82 /* Common View */ = {
			isa = PBXGroup;
			children = (
				F5DD757A092CFD8700465E14 /* launch.c */,
				F52F19B70946A63100FEFE18 /* selection.c */,
				F54797150107EA3C01000001 /* pieces.c */,
				F54583E3094F868300CBE89A /* pieces_create.c */,
				26AFB4480D95E0E60004805A /* pieces_mesh.c */,
				F5595F7D0918717300B60FAD /* groups.c */,
				0123D86700C0AFD57F000001 /* nodes.c */,
			);
			name = "Common View";
			sourceTree = "<group>";
		};
		F5EC0BB200DDC1F701000001 /* Windows */ = {
			isa = PBXGroup;
			children = (
				F54CD2090233430101250BB8 /* main_window.c */,
				263013CA0D713B7E00564E2C /* main_window_panels.c */,
				F57CACA60C38B76200B595F4 /* texture_palette.c */,
				F5D3312C0C39FF2C00BED1CE /* info_status_line.c */,
				F510D43D02485F2F01DF5EE2 /* progress_window.c */,
			);
			name = Windows;
			sourceTree = "<group>";
		};
/* End PBXGroup section */

/* Begin PBXHeadersBuildPhase section */
		F5A4320E055602DF002DF965 /* Headers */ = {
			isa = PBXHeadersBuildPhase;
			buildActionMask = 2147483647;
			files = (
				F5A4321F055602DF002DF965 /* dim3editor.h in Headers */,
				F5A43220055602DF002DF965 /* application_defs.h in Headers */,
				F50AF9AE088601C600F261B1 /* os_defs.h in Headers */,
				F52F19D50946A89C00FEFE18 /* common_view.h in Headers */,
				F5A9881D094BF7D8005E55AE /* dialog.h in Headers */,
				F54581BB094F75D200CBE89A /* interface.h in Headers */,
				F545877F0952654600CBE89A /* walk_view.h in Headers */,
				F5E3883A0960AC1D003264F6 /* import.h in Headers */,
				F50EC4D709DEED57007A0B8A /* mapimport.h in Headers */,
				F595F33A0A8BBEF0004AB8BA /* modelutility.h in Headers */,
				F5AD54430BBE1FDB001C7C04 /* baseutility.h in Headers */,
				26AFB4D20D9615C00004805A /* maputility.h in Headers */,
				26899FA90F1EBF25007860EB /* editor_defs.h in Headers */,
			);
			runOnlyForDeploymentPostprocessing = 0;
		};
/* End PBXHeadersBuildPhase section */

/* Begin PBXNativeTarget section */
		F5A4320D055602DF002DF965 /* dim3 Editor */ = {
			isa = PBXNativeTarget;
			buildConfigurationList = F5DB0C530856A994005A7CB7 /* Build configuration list for PBXNativeTarget "dim3 Editor" */;
			buildPhases = (
				F5A4320E055602DF002DF965 /* Headers */,
				F5A4322A055602DF002DF965 /* Resources */,
				F5A4322D055602DF002DF965 /* Sources */,
				F5A43259055602DF002DF965 /* Frameworks */,
				F5A43262055602DF002DF965 /* Rez */,
				F5934BF8099E7A610063E081 /* Copy Frameworks */,
				F5DB0C4A0856A958005A7CB7 /* CopyFiles */,
				F522DC530BBC726B00DFF256 /* Copy (Defaults) */,
				F522DC770BBC810E00DFF256 /* Copy (Icons) */,
				F522DC7F0BBC812D00DFF256 /* Copy (Primitives) */,
				F522DC820BBC816500DFF256 /* Copy (Settings) */,
			);
			buildRules = (
				F522DCB90BBC851000DFF256 /* PBXBuildRule */,
			);
			dependencies = (
			);
			name = "dim3 Editor";
			productName = "dim3 Editor";
			productReference = F5A43266055602E0002DF965 /* dim3 Editor.app */;
			productType = "com.apple.product-type.application";
		};
/* End PBXNativeTarget section */

/* Begin PBXProject section */
		20286C28FDCF999611CA2CEA /* Project object */ = {
			isa = PBXProject;
			buildConfigurationList = F5DB0C560856A994005A7CB7 /* Build configuration list for PBXProject "dim3Editor" */;
			compatibilityVersion = "Xcode 2.4";
			hasScannedForEncodings = 1;
			mainGroup = 20286C29FDCF999611CA2CEA /* dim3 Editor */;
			projectDirPath = "";
			projectRoot = "";
			targets = (
				F5A4320D055602DF002DF965 /* dim3 Editor */,
			);
		};
/* End PBXProject section */

/* Begin PBXResourcesBuildPhase section */
		F5A4322A055602DF002DF965 /* Resources */ = {
			isa = PBXResourcesBuildPhase;
			buildActionMask = 2147483647;
			files = (
				F5A4322B055602DF002DF965 /* InfoPlist.strings in Resources */,
				F5A4322C055602DF002DF965 /* dim3 Editor.icns in Resources */,
				F57537BA055B5F4900D42FAF /* dim3 Editor.nib in Resources */,
				26871A3C0F11666E0043B667 /* node_defined.png in Resources */,
			);
			runOnlyForDeploymentPostprocessing = 0;
		};
/* End PBXResourcesBuildPhase section */

/* Begin PBXRezBuildPhase section */
		F5A43262055602DF002DF965 /* Rez */ = {
			isa = PBXRezBuildPhase;
			buildActionMask = 2147483647;
			files = (
				F564253E098BD9E90008DECC /* dim3 Editor.rsrc in Rez */,
			);
			runOnlyForDeploymentPostprocessing = 0;
		};
/* End PBXRezBuildPhase section */

/* Begin PBXSourcesBuildPhase section */
		F5A4322D055602DF002DF965 /* Sources */ = {
			isa = PBXSourcesBuildPhase;
			buildActionMask = 2147483647;
			files = (
				F5A4322E055602DF002DF965 /* dos.c in Sources */,
				F5A43231055602DF002DF965 /* main.c in Sources */,
				F5A43232055602DF002DF965 /* menu.c in Sources */,
				F5A43233055602DF002DF965 /* nodes.c in Sources */,
				F5A4323D055602DF002DF965 /* walk_view_draw_select.c in Sources */,
				F5A43249055602DF002DF965 /* walk_view_movement.c in Sources */,
				F5A4324E055602DF002DF965 /* pieces.c in Sources */,
				F5A43252055602DF002DF965 /* main_window.c in Sources */,
				F5A43253055602DF002DF965 /* walk_view.c in Sources */,
				F5A43254055602DF002DF965 /* progress_window.c in Sources */,
				F58D0FB005B8C0A800DBBDC5 /* walk_view_click_piece.c in Sources */,
				F5691685084E6B9000ADFA44 /* dialog_file_open.c in Sources */,
				F51E8B6C084FE4D600C3AC6A /* dialog_file_new.c in Sources */,
				F5E4C0FA0899DA1E005B03EC /* import_text_decode.c in Sources */,
				F5595F7E0918717300B60FAD /* groups.c in Sources */,
				F5DD757B092CFD8700465E14 /* launch.c in Sources */,
				F52F19B80946A63100FEFE18 /* selection.c in Sources */,
				F54583E4094F868300CBE89A /* pieces_create.c in Sources */,
				F545877D0952652700CBE89A /* walk_view_compass.c in Sources */,
				F5D458EE0953160300AF9CE1 /* walk_view_draw_piece.c in Sources */,
				F5AF0C5509638BC100F99950 /* dialog_utility.c in Sources */,
				F5AF0C5709638BC600F99950 /* dialog_texture_setting.c in Sources */,
				F5C461460970A68600FBB643 /* dialog_about.c in Sources */,
				F5CA0193098D8E6E00039712 /* dialog_map_auto_generate.c in Sources */,
				F56EF37C09A69A3400F06521 /* dialog_map_settings.c in Sources */,
				F56EF3F709A6F70700F06521 /* dialog_map_light_settings.c in Sources */,
				F56EF44209A6FC7F00F06521 /* dialog_map_sound_settings.c in Sources */,
				F56EF4C209A7D4A400F06521 /* dialog_group_settings.c in Sources */,
				F56EF57B09A7EBEF00F06521 /* dialog_node_settings.c in Sources */,
				F5EA6BA709B176BD00E31EE7 /* dialog_map_movements.c in Sources */,
				F5EA6CB809B29F0E00E31EE7 /* dialog_movement_settings.c in Sources */,
				F5EA6CE809B2AF6200E31EE7 /* dialog_movement_move_settings.c in Sources */,
				F5AF023309CFB5A0008B576A /* dialog_free_rotate.c in Sources */,
				F501B2F909D5129B00742D03 /* dialog_texture_combo_utility.c in Sources */,
				F50EC58B09E0B9F0007A0B8A /* import.c in Sources */,
				F5EC5F3D0A26946D001EEB18 /* dialog_map_particle_settings.c in Sources */,
				F51B05240A85391500714D26 /* dialog_special_combo_utility.c in Sources */,
				F595F34E0A8C47D2004AB8BA /* walk_view_models.c in Sources */,
				F59C30B40ACEDC0B00599150 /* dialog_scenery_setting.c in Sources */,
				F5239B9E0AFD9C5200241092 /* undo.c in Sources */,
				F571C8770B34DA6300F979B7 /* xml_setup.c in Sources */,
				F522DCC90BBC853C00DFF256 /* Course.js in Sources */,
				F57CACA70C38B76200B595F4 /* texture_palette.c in Sources */,
				F5D3312D0C39FF2C00BED1CE /* info_status_line.c in Sources */,
				263013CB0D713B7E00564E2C /* main_window_panels.c in Sources */,
				2630141E0D72844300564E2C /* walk_view_swap.c in Sources */,
				26934B110D876A800009F81E /* walk_view_click_drag.c in Sources */,
				26AFB4490D95E0E60004805A /* pieces_mesh.c in Sources */,
				263614460DC41DF6002345C0 /* walk_view_click_texture.c in Sources */,
				26DB6D970DDFCE4100BDD008 /* dialog_resize.c in Sources */,
				2644C95C0DF8E349005CE451 /* dialog_mesh_scale.c in Sources */,
				26791D430E4D626700AAD058 /* dialog_grid_mesh.c in Sources */,
				2647AD820E4F48D000BA3338 /* dialog_height_import.c in Sources */,
				26BE521B0E5FD01A009B6925 /* dialog_save.c in Sources */,
				26EE38810EA595D5002A8365 /* dialog_map_groups.c in Sources */,
				26772F810EBE8A6600F9E241 /* dialog_reposition.c in Sources */,
				26FC3AFF0ECF8F2F00DD6F37 /* dialog_optimize.c in Sources */,
				26B8C2D70F62F2A200C6DEBD /* palettes.c in Sources */,
				268BC8A60F64C8E400E900C2 /* dialog_preference.c in Sources */,
				265DCEA00F6CC13100C1E65D /* palette_mesh.c in Sources */,
				265DCEFB0F6D6A3E00C1E65D /* palette_polygon.c in Sources */,
				265DCF4D0F6DBF9D00C1E65D /* palette_liquid.c in Sources */,
				263B67380F7072EE0065AB38 /* palette_spot.c in Sources */,
				263B683C0F730FA40065AB38 /* palette_area.c in Sources */,
			);
			runOnlyForDeploymentPostprocessing = 0;
		};
/* End PBXSourcesBuildPhase section */

/* Begin PBXVariantGroup section */
		0867D6AAFE840B52C02AAC07 /* InfoPlist.strings */ = {
			isa = PBXVariantGroup;
			children = (
				0867D6ABFE840B52C02AAC07 /* English */,
			);
			name = InfoPlist.strings;
			sourceTree = "<group>";
		};
/* End PBXVariantGroup section */

/* Begin XCBuildConfiguration section */
		F5DB0C540856A994005A7CB7 /* Release */ = {
			isa = XCBuildConfiguration;
			buildSettings = {
				ARCHS = "$(NATIVE_ARCH)";
				COPY_PHASE_STRIP = NO;
				DEAD_CODE_STRIPPING = NO;
				DEPLOYMENT_POSTPROCESSING = YES;
				FRAMEWORK_SEARCH_PATHS = (
					"$(FRAMEWORK_SEARCH_PATHS)",
					"$(SRCROOT)/../dim3Common/Frameworks",
				);
				GCC_AUTO_VECTORIZATION = YES;
				GCC_CW_ASM_SYNTAX = NO;
				GCC_DYNAMIC_NO_PIC = YES;
				GCC_ENABLE_CPP_EXCEPTIONS = NO;
				GCC_ENABLE_CPP_RTTI = NO;
				GCC_ENABLE_OBJC_EXCEPTIONS = NO;
				GCC_FAST_MATH = YES;
				GCC_GENERATE_DEBUGGING_SYMBOLS = YES;
				GCC_MODEL_TUNING = G4;
				GCC_OPTIMIZATION_LEVEL = 3;
				GCC_PRECOMPILE_PREFIX_HEADER = YES;
				GCC_PREFIX_HEADER = headers/dim3editor.h;
				GCC_STRICT_ALIASING = NO;
				GCC_UNROLL_LOOPS = YES;
				GCC_USE_GCC3_PFE_SUPPORT = NO;
				GCC_WARN_ABOUT_DEPRECATED_FUNCTIONS = NO;
				GCC_WARN_ABOUT_RETURN_TYPE = YES;
				GCC_WARN_CHECK_SWITCH_STATEMENTS = YES;
				GCC_WARN_INITIALIZER_NOT_FULLY_BRACKETED = YES;
				GCC_WARN_MISSING_PARENTHESES = YES;
				GCC_WARN_TYPECHECK_CALLS_TO_PRINTF = YES;
				GCC_WARN_UNKNOWN_PRAGMAS = YES;
				GCC_WARN_UNUSED_FUNCTION = YES;
				GCC_WARN_UNUSED_LABEL = YES;
				GCC_WARN_UNUSED_PARAMETER = NO;
				GCC_WARN_UNUSED_VALUE = YES;
				GCC_WARN_UNUSED_VARIABLE = YES;
				HEADER_SEARCH_PATHS = "";
				INFOPLIST_FILE = "Resources/Info-dim3_Editor.plist";
				LIBRARY_SEARCH_PATHS = "$(SRCROOT)/../dim3Common/Libraries";
				MACOSX_DEPLOYMENT_TARGET = 10.4;
				PER_ARCH_CFLAGS_i386 = "-msse2 -fno-omit-frame-pointer";
				PER_ARCH_CFLAGS_ppc = "-fast -faltivec -mcpu=G4";
				PREBINDING = NO;
				PRODUCT_NAME = "dim3 Editor";
				SDKROOT = /Developer/SDKs/MacOSX10.4u.sdk;
				SKIP_INSTALL = NO;
				WARNING_CFLAGS = "";
				WRAPPER_EXTENSION = app;
			};
			name = Release;
		};
		F5DB0C570856A994005A7CB7 /* Release */ = {
			isa = XCBuildConfiguration;
			buildSettings = {
				ARCHS = (
					ppc,
					i386,
				);
			};
			name = Release;
		};
/* End XCBuildConfiguration section */

/* Begin XCConfigurationList section */
		F5DB0C530856A994005A7CB7 /* Build configuration list for PBXNativeTarget "dim3 Editor" */ = {
			isa = XCConfigurationList;
			buildConfigurations = (
				F5DB0C540856A994005A7CB7 /* Release */,
			);
			defaultConfigurationIsVisible = 0;
			defaultConfigurationName = Release;
		};
		F5DB0C560856A994005A7CB7 /* Build configuration list for PBXProject "dim3Editor" */ = {
			isa = XCConfigurationList;
			buildConfigurations = (
				F5DB0C570856A994005A7CB7 /* Release */,
			);
			defaultConfigurationIsVisible = 0;
			defaultConfigurationName = Release;
		};
/* End XCConfigurationList section */
	};
	rootObject = 20286C28FDCF999611CA2CEA /* Project object */;
}
